# THIS IS AN AUTOGENERATED FILE. DO NOT EDIT THIS FILE DIRECTLY.
# yarn lockfile v1


"@types/node@^17.0.20":
  version "17.0.20"
  resolved "https://registry.yarnpkg.com/@types/node/-/node-17.0.20.tgz#29626bd9c9119df5b8194353d34044c895fe56e3"
  integrity sha512-Q15Clj3lZSLnhVA6yKw1G7SQz46DeL9gO1TEgfK1OQGvMdQ6TUWmCeWf1QBUNkw2BDfV52i2YuYd9OF3ZwGhjw==
